
Microsoft Visual Studio Solution File, Format Version 12.00
# Visual Studio 15
VisualStudioVersion = 15.0.28010.2050
MinimumVisualStudioVersion = 10.0.40219.1
Project("{9A19103F-16F7-4668-BE54-9A1E7A4F7556}") = "Bing.MockData", "src\Bing.MockData\Bing.MockData.csproj", "{EF45E5BD-49F5-4865-9BA6-C0CD23A321CB}"
EndProject
Project("{2150E333-8FDC-42A3-9474-1A3956D46DE8}") = "00-document", "00-document", "{75CB25F9-960F-44BA-B05F-4E86DBC22FB3}"
EndProject
Project("{2150E333-8FDC-42A3-9474-1A3956D46DE8}") = "01-src", "01-src", "{F32ACB0A-876E-4014-939C-2F01A7B128B2}"
EndProject
Project("{2150E333-8FDC-42A3-9474-1A3956D46DE8}") = "03-samples", "03-samples", "{4B7E9F41-0470-43A3-9253-7BAF233BEA4E}"
EndProject
Project("{2150E333-8FDC-42A3-9474-1A3956D46DE8}") = "02-tests", "02-tests", "{D25BAB8B-60C3-4A7F-A12F-148A752F10F6}"
EndProject
Project("{FAE04EC0-301F-11D3-BF4B-00C04F79EFBC}") = "Bing.MockData.Tests", "tests\Bing.MockData.Tests\Bing.MockData.Tests.csproj", "{BAA65AAE-6E9B-4B8A-8975-B207C36E91A7}"
EndProject
Global
	GlobalSection(SolutionConfigurationPlatforms) = preSolution
		Debug|Any CPU = Debug|Any CPU
		Release|Any CPU = Release|Any CPU
	EndGlobalSection
	GlobalSection(ProjectConfigurationPlatforms) = postSolution
		{EF45E5BD-49F5-4865-9BA6-C0CD23A321CB}.Debug|Any CPU.ActiveCfg = Debug|Any CPU
		{EF45E5BD-49F5-4865-9BA6-C0CD23A321CB}.Debug|Any CPU.Build.0 = Debug|Any CPU
		{EF45E5BD-49F5-4865-9BA6-C0CD23A321CB}.Release|Any CPU.ActiveCfg = Release|Any CPU
		{EF45E5BD-49F5-4865-9BA6-C0CD23A321CB}.Release|Any CPU.Build.0 = Release|Any CPU
		{BAA65AAE-6E9B-4B8A-8975-B207C36E91A7}.Debug|Any CPU.ActiveCfg = Debug|Any CPU
		{BAA65AAE-6E9B-4B8A-8975-B207C36E91A7}.Debug|Any CPU.Build.0 = Debug|Any CPU
		{BAA65AAE-6E9B-4B8A-8975-B207C36E91A7}.Release|Any CPU.ActiveCfg = Release|Any CPU
		{BAA65AAE-6E9B-4B8A-8975-B207C36E91A7}.Release|Any CPU.Build.0 = Release|Any CPU
	EndGlobalSection
	GlobalSection(SolutionProperties) = preSolution
		HideSolutionNode = FALSE
	EndGlobalSection
	GlobalSection(NestedProjects) = preSolution
		{EF45E5BD-49F5-4865-9BA6-C0CD23A321CB} = {F32ACB0A-876E-4014-939C-2F01A7B128B2}
		{BAA65AAE-6E9B-4B8A-8975-B207C36E91A7} = {D25BAB8B-60C3-4A7F-A12F-148A752F10F6}
	EndGlobalSection
	GlobalSection(ExtensibilityGlobals) = postSolution
		SolutionGuid = {4644E4D0-2853-40C8-816A-C5CB637F361A}
	EndGlobalSection
EndGlobal
